// !$*UTF8*$!
{
	archiveVersion = 1;
	classes = {
	};
	objectVersion = 56;
	objects = {

/* Begin PBXBuildFile section */
		1F230FB22A19516000CC0F66 /* DeleteContactsApp.swift in Sources */ = {isa = PBXBuildFile; fileRef = 1F230FB12A19516000CC0F66 /* DeleteContactsApp.swift */; };
		1F230FB42A19516000CC0F66 /* ContentView.swift in Sources */ = {isa = PBXBuildFile; fileRef = 1F230FB32A19516000CC0F66 /* ContentView.swift */; };
		1F230FB62A19516100CC0F66 /* Assets.xcassets in Resources */ = {isa = PBXBuildFile; fileRef = 1F230FB52A19516100CC0F66 /* Assets.xcassets */; };
		1F230FB92A19516100CC0F66 /* Preview Assets.xcassets in Resources */ = {isa = PBXBuildFile; fileRef = 1F230FB82A19516100CC0F66 /* Preview Assets.xcassets */; };
		1F230FBB2A19516100CC0F66 /* Persistence.swift in Sources */ = {isa = PBXBuildFile; fileRef = 1F230FBA2A19516100CC0F66 /* Persistence.swift */; };
		1F230FC82A19517800CC0F66 /* ContactsModel.xcdatamodeld in Sources */ = {isa = PBXBuildFile; fileRef = 1F230FC62A19517800CC0F66 /* ContactsModel.xcdatamodeld */; };
		1F230FCA2A1951B100CC0F66 /* CoreDataStack.swift in Sources */ = {isa = PBXBuildFile; fileRef = 1F230FC92A1951B100CC0F66 /* CoreDataStack.swift */; };
		1FB093512A19874900D62B15 /* Contacts.swift in Sources */ = {isa = PBXBuildFile; fileRef = 1FB093502A19874900D62B15 /* Contacts.swift */; };
		1FB093572A19886700D62B15 /* DeleteContacts.xcdatamodeld in Sources */ = {isa = PBXBuildFile; fileRef = 1FB093552A19886700D62B15 /* DeleteContacts.xcdatamodeld */; };
/* End PBXBuildFile section */

/* Begin PBXFileReference section */
		1F230FAE2A19516000CC0F66 /* DeleteContacts.app */ = {isa = PBXFileReference; explicitFileType = wrapper.application; includeInIndex = 0; path = DeleteContacts.app; sourceTree = BUILT_PRODUCTS_DIR; };
		1F230FB12A19516000CC0F66 /* DeleteContactsApp.swift */ = {isa = PBXFileReference; lastKnownFileType = sourcecode.swift; path = DeleteContactsApp.swift; sourceTree = "<group>"; };
		1F230FB32A19516000CC0F66 /* ContentView.swift */ = {isa = PBXFileReference; lastKnownFileType = sourcecode.swift; path = ContentView.swift; sourceTree = "<group>"; };
		1F230FB52A19516100CC0F66 /* Assets.xcassets */ = {isa = PBXFileReference; lastKnownFileType = folder.assetcatalog; path = Assets.xcassets; sourceTree = "<group>"; };
		1F230FB82A19516100CC0F66 /* Preview Assets.xcassets */ = {isa = PBXFileReference; lastKnownFileType = folder.assetcatalog; path = "Preview Assets.xcassets"; sourceTree = "<group>"; };
		1F230FBA2A19516100CC0F66 /* Persistence.swift */ = {isa = PBXFileReference; lastKnownFileType = sourcecode.swift; path = Persistence.swift; sourceTree = "<group>"; };
		1F230FC72A19517800CC0F66 /* ContactsModel.xcdatamodel */ = {isa = PBXFileReference; lastKnownFileType = wrapper.xcdatamodel; path = ContactsModel.xcdatamodel; sourceTree = "<group>"; };
		1F230FC92A1951B100CC0F66 /* CoreDataStack.swift */ = {isa = PBXFileReference; lastKnownFileType = sourcecode.swift; path = CoreDataStack.swift; sourceTree = "<group>"; };
		1FB093502A19874900D62B15 /* Contacts.swift */ = {isa = PBXFileReference; lastKnownFileType = sourcecode.swift; path = Contacts.swift; sourceTree = "<group>"; };
		1FB093562A19886700D62B15 /* DeleteContacts.xcdatamodel */ = {isa = PBXFileReference; lastKnownFileType = wrapper.xcdatamodel; path = DeleteContacts.xcdatamodel; sourceTree = "<group>"; };
/* End PBXFileReference section */

/* Begin PBXFrameworksBuildPhase section */
		1F230FAB2A19516000CC0F66 /* Frameworks */ = {
			isa = PBXFrameworksBuildPhase;
			buildActionMask = 2147483647;
			files = (
			);
			runOnlyForDeploymentPostprocessing = 0;
		};
/* End PBXFrameworksBuildPhase section */

/* Begin PBXGroup section */
		1F230FA52A19516000CC0F66 = {
			isa = PBXGroup;
			children = (
				1F230FB02A19516000CC0F66 /* DeleteContacts */,
				1F230FAF2A19516000CC0F66 /* Products */,
			);
			sourceTree = "<group>";
		};
		1F230FAF2A19516000CC0F66 /* Products */ = {
			isa = PBXGroup;
			children = (
				1F230FAE2A19516000CC0F66 /* DeleteContacts.app */,
			);
			name = Products;
			sourceTree = "<group>";
		};
		1F230FB02A19516000CC0F66 /* DeleteContacts */ = {
			isa = PBXGroup;
			children = (
				1FB093502A19874900D62B15 /* Contacts.swift */,
				1F230FC62A19517800CC0F66 /* ContactsModel.xcdatamodeld */,
				1F230FC92A1951B100CC0F66 /* CoreDataStack.swift */,
				1F230FB12A19516000CC0F66 /* DeleteContactsApp.swift */,
				1F230FB32A19516000CC0F66 /* ContentView.swift */,
				1F230FB52A19516100CC0F66 /* Assets.xcassets */,
				1F230FBA2A19516100CC0F66 /* Persistence.swift */,
				1F230FB72A19516100CC0F66 /* Preview Content */,
				1FB093552A19886700D62B15 /* DeleteContacts.xcdatamodeld */,
			);
			path = DeleteContacts;
			sourceTree = "<group>";
		};
		1F230FB72A19516100CC0F66 /* Preview Content */ = {
			isa = PBXGroup;
			children = (
				1F230FB82A19516100CC0F66 /* Preview Assets.xcassets */,
			);
			path = "Preview Content";
			sourceTree = "<group>";
		};
/* End PBXGroup section */

/* Begin PBXNativeTarget section */
		1F230FAD2A19516000CC0F66 /* DeleteContacts */ = {
			isa = PBXNativeTarget;
			buildConfigurationList = 1F230FC12A19516100CC0F66 /* Build configuration list for PBXNativeTarget "DeleteContacts" */;
			buildPhases = (
				1F230FAA2A19516000CC0F66 /* Sources */,
				1F230FAB2A19516000CC0F66 /* Frameworks */,
				1F230FAC2A19516000CC0F66 /* Resources */,
			);
			buildRules = (
			);
			dependencies = (
			);
			name = DeleteContacts;
			productName = DeleteContacts;
			productReference = 1F230FAE2A19516000CC0F66 /* DeleteContacts.app */;
			productType = "com.apple.product-type.application";
		};
/* End PBXNativeTarget section */

/* Begin PBXProject section */
		1F230FA62A19516000CC0F66 /* Project object */ = {
			isa = PBXProject;
			attributes = {
				BuildIndependentTargetsInParallel = 1;
				LastSwiftUpdateCheck = 1420;
				LastUpgradeCheck = 1420;
				TargetAttributes = {
					1F230FAD2A19516000CC0F66 = {
						CreatedOnToolsVersion = 14.2;
					};
				};
			};
			buildConfigurationList = 1F230FA92A19516000CC0F66 /* Build configuration list for PBXProject "DeleteContacts" */;
			compatibilityVersion = "Xcode 14.0";
			developmentRegion = en;
			hasScannedForEncodings = 0;
			knownRegions = (
				en,
				Base,
			);
			mainGroup = 1F230FA52A19516000CC0F66;
			productRefGroup = 1F230FAF2A19516000CC0F66 /* Products */;
			projectDirPath = "";
			projectRoot = "";
			targets = (
				1F230FAD2A19516000CC0F66 /* DeleteContacts */,
			);
		};
/* End PBXProject section */

/* Begin PBXResourcesBuildPhase section */
		1F230FAC2A19516000CC0F66 /* Resources */ = {
			isa = PBXResourcesBuildPhase;
			buildActionMask = 2147483647;
			files = (
				1F230FB92A19516100CC0F66 /* Preview Assets.xcassets in Resources */,
				1F230FB62A19516100CC0F66 /* Assets.xcassets in Resources */,
			);
			runOnlyForDeploymentPostprocessing = 0;
		};
/* End PBXResourcesBuildPhase section */

/* Begin PBXSourcesBuildPhase section */
		1F230FAA2A19516000CC0F66 /* Sources */ = {
			isa = PBXSourcesBuildPhase;
			buildActionMask = 2147483647;
			files = (
				1F230FBB2A19516100CC0F66 /* Persistence.swift in Sources */,
				1F230FB42A19516000CC0F66 /* ContentView.swift in Sources */,
				1F230FCA2A1951B100CC0F66 /* CoreDataStack.swift in Sources */,
				1FB093512A19874900D62B15 /* Contacts.swift in Sources */,
				1F230FB22A19516000CC0F66 /* DeleteContactsApp.swift in Sources */,
				1FB093572A19886700D62B15 /* DeleteContacts.xcdatamodeld in Sources */,
				1F230FC82A19517800CC0F66 /* ContactsModel.xcdatamodeld in Sources */,
			);
			runOnlyForDeploymentPostprocessing = 0;
		};
/* End PBXSourcesBuildPhase section */

/* Begin XCBuildConfiguration section */
		1F230FBF2A19516100CC0F66 /* Debug */ = {
			isa = XCBuildConfiguration;
			buildSettings = {
				ALWAYS_SEARCH_USER_PATHS = NO;
				CLANG_ANALYZER_NONNULL = YES;
				CLANG_ANALYZER_NUMBER_OBJECT_CONVERSION = YES_AGGRESSIVE;
				CLANG_CXX_LANGUAGE_STANDARD = "gnu++20";
				CLANG_ENABLE_MODULES = YES;
				CLANG_ENABLE_OBJC_ARC = YES;
				CLANG_ENABLE_OBJC_WEAK = YES;
				CLANG_WARN_BLOCK_CAPTURE_AUTORELEASING = YES;
				CLANG_WARN_BOOL_CONVERSION = YES;
				CLANG_WARN_COMMA = YES;
				CLANG_WARN_CONSTANT_CONVERSION = YES;
				CLANG_WARN_DEPRECATED_OBJC_IMPLEMENTATIONS = YES;
				CLANG_WARN_DIRECT_OBJC_ISA_USAGE = YES_ERROR;
				CLANG_WARN_DOCUMENTATION_COMMENTS = YES;
				CLANG_WARN_EMPTY_BODY = YES;
				CLANG_WARN_ENUM_CONVERSION = YES;
				CLANG_WARN_INFINITE_RECURSION = YES;
				CLANG_WARN_INT_CONVERSION = YES;
				CLANG_WARN_NON_LITERAL_NULL_CONVERSION = YES;
				CLANG_WARN_OBJC_IMPLICIT_RETAIN_SELF = YES;
				CLANG_WARN_OBJC_LITERAL_CONVERSION = YES;
				CLANG_WARN_OBJC_ROOT_CLASS = YES_ERROR;
				CLANG_WARN_QUOTED_INCLUDE_IN_FRAMEWORK_HEADER = YES;
				CLANG_WARN_RANGE_LOOP_ANALYSIS = YES;
				CLANG_WARN_STRICT_PROTOTYPES = YES;
				CLANG_WARN_SUSPICIOUS_MOVE = YES;
				CLANG_WARN_UNGUARDED_AVAILABILITY = YES_AGGRESSIVE;
				CLANG_WARN_UNREACHABLE_CODE = YES;
				CLANG_WARN__DUPLICATE_METHOD_MATCH = YES;
				COPY_PHASE_STRIP = NO;
				DEBUG_INFORMATION_FORMAT = dwarf;
				ENABLE_STRICT_OBJC_MSGSEND = YES;
				ENABLE_TESTABILITY = YES;
				GCC_C_LANGUAGE_STANDARD = gnu11;
				GCC_DYNAMIC_NO_PIC = NO;
				GCC_NO_COMMON_BLOCKS = YES;
				GCC_OPTIMIZATION_LEVEL = 0;
				GCC_PREPROCESSOR_DEFINITIONS = (
					"DEBUG=1",
					"$(inherited)",
				);
				GCC_WARN_64_TO_32_BIT_CONVERSION = YES;
				GCC_WARN_ABOUT_RETURN_TYPE = YES_ERROR;
				GCC_WARN_UNDECLARED_SELECTOR = YES;
				GCC_WARN_UNINITIALIZED_AUTOS = YES_AGGRESSIVE;
				GCC_WARN_UNUSED_FUNCTION = YES;
				GCC_WARN_UNUSED_VARIABLE = YES;
				IPHONEOS_DEPLOYMENT_TARGET = 16.2;
				MTL_ENABLE_DEBUG_INFO = INCLUDE_SOURCE;
				MTL_FAST_MATH = YES;
				ONLY_ACTIVE_ARCH = YES;
				SDKROOT = iphoneos;
				SWIFT_ACTIVE_COMPILATION_CONDITIONS = DEBUG;
				SWIFT_OPTIMIZATION_LEVEL = "-Onone";
			};
			name = Debug;
		};
		1F230FC02A19516100CC0F66 /* Release */ = {
			isa = XCBuildConfiguration;
			buildSettings = {
				ALWAYS_SEARCH_USER_PATHS = NO;
				CLANG_ANALYZER_NONNULL = YES;
				CLANG_ANALYZER_NUMBER_OBJECT_CONVERSION = YES_AGGRESSIVE;
				CLANG_CXX_LANGUAGE_STANDARD = "gnu++20";
				CLANG_ENABLE_MODULES = YES;
				CLANG_ENABLE_OBJC_ARC = YES;
				CLANG_ENABLE_OBJC_WEAK = YES;
				CLANG_WARN_BLOCK_CAPTURE_AUTORELEASING = YES;
				CLANG_WARN_BOOL_CONVERSION = YES;
				CLANG_WARN_COMMA = YES;
				CLANG_WARN_CONSTANT_CONVERSION = YES;
				CLANG_WARN_DEPRECATED_OBJC_IMPLEMENTATIONS = YES;
				CLANG_WARN_DIRECT_OBJC_ISA_USAGE = YES_ERROR;
				CLANG_WARN_DOCUMENTATION_COMMENTS = YES;
				CLANG_WARN_EMPTY_BODY = YES;
				CLANG_WARN_ENUM_CONVERSION = YES;
				CLANG_WARN_INFINITE_RECURSION = YES;
				CLANG_WARN_INT_CONVERSION = YES;
				CLANG_WARN_NON_LITERAL_NULL_CONVERSION = YES;
				CLANG_WARN_OBJC_IMPLICIT_RETAIN_SELF = YES;
				CLANG_WARN_OBJC_LITERAL_CONVERSION = YES;
				CLANG_WARN_OBJC_ROOT_CLASS = YES_ERROR;
				CLANG_WARN_QUOTED_INCLUDE_IN_FRAMEWORK_HEADER = YES;
				CLANG_WARN_RANGE_LOOP_ANALYSIS = YES;
				CLANG_WARN_STRICT_PROTOTYPES = YES;
				CLANG_WARN_SUSPICIOUS_MOVE = YES;
				CLANG_WARN_UNGUARDED_AVAILABILITY = YES_AGGRESSIVE;
				CLANG_WARN_UNREACHABLE_CODE = YES;
				CLANG_WARN__DUPLICATE_METHOD_MATCH = YES;
				COPY_PHASE_STRIP = NO;
				DEBUG_INFORMATION_FORMAT = "dwarf-with-dsym";
				ENABLE_NS_ASSERTIONS = NO;
				ENABLE_STRICT_OBJC_MSGSEND = YES;
				GCC_C_LANGUAGE_STANDARD = gnu11;
				GCC_NO_COMMON_BLOCKS = YES;
				GCC_WARN_64_TO_32_BIT_CONVERSION = YES;
				GCC_WARN_ABOUT_RETURN_TYPE = YES_ERROR;
				GCC_WARN_UNDECLARED_SELECTOR = YES;
				GCC_WARN_UNINITIALIZED_AUTOS = YES_AGGRESSIVE;
				GCC_WARN_UNUSED_FUNCTION = YES;
				GCC_WARN_UNUSED_VARIABLE = YES;
				IPHONEOS_DEPLOYMENT_TARGET = 16.2;
				MTL_ENABLE_DEBUG_INFO = NO;
				MTL_FAST_MATH = YES;
				SDKROOT = iphoneos;
				SWIFT_COMPILATION_MODE = wholemodule;
				SWIFT_OPTIMIZATION_LEVEL = "-O";
				VALIDATE_PRODUCT = YES;
			};
			name = Release;
		};
		1F230FC22A19516100CC0F66 /* Debug */ = {
			isa = XCBuildConfiguration;
			buildSettings = {
				ASSETCATALOG_COMPILER_APPICON_NAME = AppIcon;
				ASSETCATALOG_COMPILER_GLOBAL_ACCENT_COLOR_NAME = AccentColor;
				CODE_SIGN_STYLE = Automatic;
				CURRENT_PROJECT_VERSION = 1;
				DEVELOPMENT_ASSET_PATHS = "\"DeleteContacts/Preview Content\"";
				ENABLE_PREVIEWS = YES;
				GENERATE_INFOPLIST_FILE = YES;
				INFOPLIST_KEY_UIApplicationSceneManifest_Generation = YES;
				INFOPLIST_KEY_UIApplicationSupportsIndirectInputEvents = YES;
				INFOPLIST_KEY_UILaunchScreen_Generation = YES;
				INFOPLIST_KEY_UISupportedInterfaceOrientations_iPad = "UIInterfaceOrientationPortrait UIInterfaceOrientationPortraitUpsideDown UIInterfaceOrientationLandscapeLeft UIInterfaceOrientationLandscapeRight";
				INFOPLIST_KEY_UISupportedInterfaceOrientations_iPhone = "UIInterfaceOrientationPortrait UIInterfaceOrientationLandscapeLeft UIInterfaceOrientationLandscapeRight";
				LD_RUNPATH_SEARCH_PATHS = (
					"$(inherited)",
					"@executable_path/Frameworks",
				);
				MARKETING_VERSION = 1.0;
				PRODUCT_BUNDLE_IDENTIFIER = ganeshrajugalla.DeleteContacts;
				PRODUCT_NAME = "$(TARGET_NAME)";
				SWIFT_EMIT_LOC_STRINGS = YES;
				SWIFT_VERSION = 5.0;
				TARGETED_DEVICE_FAMILY = "1,2";
			};
			name = Debug;
		};
		1F230FC32A19516100CC0F66 /* Release */ = {
			isa = XCBuildConfiguration;
			buildSettings = {
				ASSETCATALOG_COMPILER_APPICON_NAME = AppIcon;
				ASSETCATALOG_COMPILER_GLOBAL_ACCENT_COLOR_NAME = AccentColor;
				CODE_SIGN_STYLE = Automatic;
				CURRENT_PROJECT_VERSION = 1;
				DEVELOPMENT_ASSET_PATHS = "\"DeleteContacts/Preview Content\"";
				ENABLE_PREVIEWS = YES;
				GENERATE_INFOPLIST_FILE = YES;
				INFOPLIST_KEY_UIApplicationSceneManifest_Generation = YES;
				INFOPLIST_KEY_UIApplicationSupportsIndirectInputEvents = YES;
				INFOPLIST_KEY_UILaunchScreen_Generation = YES;
				INFOPLIST_KEY_UISupportedInterfaceOrientations_iPad = "UIInterfaceOrientationPortrait UIInterfaceOrientationPortraitUpsideDown UIInterfaceOrientationLandscapeLeft UIInterfaceOrientationLandscapeRight";
				INFOPLIST_KEY_UISupportedInterfaceOrientations_iPhone = "UIInterfaceOrientationPortrait UIInterfaceOrientationLandscapeLeft UIInterfaceOrientationLandscapeRight";
				LD_RUNPATH_SEARCH_PATHS = (
					"$(inherited)",
					"@executable_path/Frameworks",
				);
				MARKETING_VERSION = 1.0;
				PRODUCT_BUNDLE_IDENTIFIER = ganeshrajugalla.DeleteContacts;
				PRODUCT_NAME = "$(TARGET_NAME)";
				SWIFT_EMIT_LOC_STRINGS = YES;
				SWIFT_VERSION = 5.0;
				TARGETED_DEVICE_FAMILY = "1,2";
			};
			name = Release;
		};
/* End XCBuildConfiguration section */

/* Begin XCConfigurationList section */
		1F230FA92A19516000CC0F66 /* Build configuration list for PBXProject "DeleteContacts" */ = {
			isa = XCConfigurationList;
			buildConfigurations = (
				1F230FBF2A19516100CC0F66 /* Debug */,
				1F230FC02A19516100CC0F66 /* Release */,
			);
			defaultConfigurationIsVisible = 0;
			defaultConfigurationName = Release;
		};
		1F230FC12A19516100CC0F66 /* Build configuration list for PBXNativeTarget "DeleteContacts" */ = {
			isa = XCConfigurationList;
			buildConfigurations = (
				1F230FC22A19516100CC0F66 /* Debug */,
				1F230FC32A19516100CC0F66 /* Release */,
			);
			defaultConfigurationIsVisible = 0;
			defaultConfigurationName = Release;
		};
/* End XCConfigurationList section */

/* Begin XCVersionGroup section */
		1F230FC62A19517800CC0F66 /* ContactsModel.xcdatamodeld */ = {
			isa = XCVersionGroup;
			children = (
				1F230FC72A19517800CC0F66 /* ContactsModel.xcdatamodel */,
			);
			currentVersion = 1F230FC72A19517800CC0F66 /* ContactsModel.xcdatamodel */;
			path = ContactsModel.xcdatamodeld;
			sourceTree = "<group>";
			versionGroupType = wrapper.xcdatamodel;
		};
		1FB093552A19886700D62B15 /* DeleteContacts.xcdatamodeld */ = {
			isa = XCVersionGroup;
			children = (
				1FB093562A19886700D62B15 /* DeleteContacts.xcdatamodel */,
			);
			currentVersion = 1FB093562A19886700D62B15 /* DeleteContacts.xcdatamodel */;
			path = DeleteContacts.xcdatamodeld;
			sourceTree = "<group>";
			versionGroupType = wrapper.xcdatamodel;
		};
/* End XCVersionGroup section */
	};
	rootObject = 1F230FA62A19516000CC0F66 /* Project object */;
}
