// !$*UTF8*$!
{
	archiveVersion = 1;
	classes = {
	};
	objectVersion = 56;
	objects = {

/* Begin PBXBuildFile section */
		1FD8574C2A18A5880081FCEF /* FetchContactApp.swift in Sources */ = {isa = PBXBuildFile; fileRef = 1FD8574B2A18A5880081FCEF /* FetchContactApp.swift */; };
		1FD8574E2A18A5880081FCEF /* ContentView.swift in Sources */ = {isa = PBXBuildFile; fileRef = 1FD8574D2A18A5880081FCEF /* ContentView.swift */; };
		1FD857502A18A5890081FCEF /* Assets.xcassets in Resources */ = {isa = PBXBuildFile; fileRef = 1FD8574F2A18A5890081FCEF /* Assets.xcassets */; };
		1FD857532A18A5890081FCEF /* Preview Assets.xcassets in Resources */ = {isa = PBXBuildFile; fileRef = 1FD857522A18A5890081FCEF /* Preview Assets.xcassets */; };
		1FD857552A18A5890081FCEF /* Persistence.swift in Sources */ = {isa = PBXBuildFile; fileRef = 1FD857542A18A5890081FCEF /* Persistence.swift */; };
		1FD857582A18A5890081FCEF /* FetchContact.xcdatamodeld in Sources */ = {isa = PBXBuildFile; fileRef = 1FD857562A18A5890081FCEF /* FetchContact.xcdatamodeld */; };
		1FD8575F2A18A5AC0081FCEF /* CoreDataStack.swift in Sources */ = {isa = PBXBuildFile; fileRef = 1FD8575E2A18A5AC0081FCEF /* CoreDataStack.swift */; };
		1FD857622A18A6990081FCEF /* ContactsModel.xcdatamodeld in Sources */ = {isa = PBXBuildFile; fileRef = 1FD857602A18A6990081FCEF /* ContactsModel.xcdatamodeld */; };
		1FD857672A1901AA0081FCEF /* ContactView.swift in Sources */ = {isa = PBXBuildFile; fileRef = 1FD857662A1901AA0081FCEF /* ContactView.swift */; };
/* End PBXBuildFile section */

/* Begin PBXFileReference section */
		1FD857482A18A5880081FCEF /* FetchContact.app */ = {isa = PBXFileReference; explicitFileType = wrapper.application; includeInIndex = 0; path = FetchContact.app; sourceTree = BUILT_PRODUCTS_DIR; };
		1FD8574B2A18A5880081FCEF /* FetchContactApp.swift */ = {isa = PBXFileReference; lastKnownFileType = sourcecode.swift; path = FetchContactApp.swift; sourceTree = "<group>"; };
		1FD8574D2A18A5880081FCEF /* ContentView.swift */ = {isa = PBXFileReference; lastKnownFileType = sourcecode.swift; path = ContentView.swift; sourceTree = "<group>"; };
		1FD8574F2A18A5890081FCEF /* Assets.xcassets */ = {isa = PBXFileReference; lastKnownFileType = folder.assetcatalog; path = Assets.xcassets; sourceTree = "<group>"; };
		1FD857522A18A5890081FCEF /* Preview Assets.xcassets */ = {isa = PBXFileReference; lastKnownFileType = folder.assetcatalog; path = "Preview Assets.xcassets"; sourceTree = "<group>"; };
		1FD857542A18A5890081FCEF /* Persistence.swift */ = {isa = PBXFileReference; lastKnownFileType = sourcecode.swift; path = Persistence.swift; sourceTree = "<group>"; };
		1FD857572A18A5890081FCEF /* FetchContact.xcdatamodel */ = {isa = PBXFileReference; lastKnownFileType = wrapper.xcdatamodel; path = FetchContact.xcdatamodel; sourceTree = "<group>"; };
		1FD8575E2A18A5AC0081FCEF /* CoreDataStack.swift */ = {isa = PBXFileReference; lastKnownFileType = sourcecode.swift; path = CoreDataStack.swift; sourceTree = "<group>"; };
		1FD857612A18A6990081FCEF /* ContactsModel.xcdatamodel */ = {isa = PBXFileReference; lastKnownFileType = wrapper.xcdatamodel; path = ContactsModel.xcdatamodel; sourceTree = "<group>"; };
		1FD857662A1901AA0081FCEF /* ContactView.swift */ = {isa = PBXFileReference; lastKnownFileType = sourcecode.swift; path = ContactView.swift; sourceTree = "<group>"; };
/* End PBXFileReference section */

/* Begin PBXFrameworksBuildPhase section */
		1FD857452A18A5880081FCEF /* Frameworks */ = {
			isa = PBXFrameworksBuildPhase;
			buildActionMask = 2147483647;
			files = (
			);
			runOnlyForDeploymentPostprocessing = 0;
		};
/* End PBXFrameworksBuildPhase section */

/* Begin PBXGroup section */
		1FD8573F2A18A5880081FCEF = {
			isa = PBXGroup;
			children = (
				1FD8574A2A18A5880081FCEF /* FetchContact */,
				1FD857492A18A5880081FCEF /* Products */,
			);
			sourceTree = "<group>";
		};
		1FD857492A18A5880081FCEF /* Products */ = {
			isa = PBXGroup;
			children = (
				1FD857482A18A5880081FCEF /* FetchContact.app */,
			);
			name = Products;
			sourceTree = "<group>";
		};
		1FD8574A2A18A5880081FCEF /* FetchContact */ = {
			isa = PBXGroup;
			children = (
				1FD857652A18A7740081FCEF /* Helpers */,
				1FD857642A18A7690081FCEF /* Model */,
				1FD857632A18A75F0081FCEF /* View */,
				1FD8574B2A18A5880081FCEF /* FetchContactApp.swift */,
				1FD8574F2A18A5890081FCEF /* Assets.xcassets */,
				1FD857542A18A5890081FCEF /* Persistence.swift */,
				1FD857562A18A5890081FCEF /* FetchContact.xcdatamodeld */,
				1FD857512A18A5890081FCEF /* Preview Content */,
			);
			path = FetchContact;
			sourceTree = "<group>";
		};
		1FD857512A18A5890081FCEF /* Preview Content */ = {
			isa = PBXGroup;
			children = (
				1FD857522A18A5890081FCEF /* Preview Assets.xcassets */,
			);
			path = "Preview Content";
			sourceTree = "<group>";
		};
		1FD857632A18A75F0081FCEF /* View */ = {
			isa = PBXGroup;
			children = (
				1FD8574D2A18A5880081FCEF /* ContentView.swift */,
				1FD857662A1901AA0081FCEF /* ContactView.swift */,
			);
			path = View;
			sourceTree = "<group>";
		};
		1FD857642A18A7690081FCEF /* Model */ = {
			isa = PBXGroup;
			children = (
				1FD857602A18A6990081FCEF /* ContactsModel.xcdatamodeld */,
			);
			path = Model;
			sourceTree = "<group>";
		};
		1FD857652A18A7740081FCEF /* Helpers */ = {
			isa = PBXGroup;
			children = (
				1FD8575E2A18A5AC0081FCEF /* CoreDataStack.swift */,
			);
			path = Helpers;
			sourceTree = "<group>";
		};
/* End PBXGroup section */

/* Begin PBXNativeTarget section */
		1FD857472A18A5880081FCEF /* FetchContact */ = {
			isa = PBXNativeTarget;
			buildConfigurationList = 1FD8575B2A18A5890081FCEF /* Build configuration list for PBXNativeTarget "FetchContact" */;
			buildPhases = (
				1FD857442A18A5880081FCEF /* Sources */,
				1FD857452A18A5880081FCEF /* Frameworks */,
				1FD857462A18A5880081FCEF /* Resources */,
			);
			buildRules = (
			);
			dependencies = (
			);
			name = FetchContact;
			productName = FetchContact;
			productReference = 1FD857482A18A5880081FCEF /* FetchContact.app */;
			productType = "com.apple.product-type.application";
		};
/* End PBXNativeTarget section */

/* Begin PBXProject section */
		1FD857402A18A5880081FCEF /* Project object */ = {
			isa = PBXProject;
			attributes = {
				BuildIndependentTargetsInParallel = 1;
				LastSwiftUpdateCheck = 1420;
				LastUpgradeCheck = 1420;
				TargetAttributes = {
					1FD857472A18A5880081FCEF = {
						CreatedOnToolsVersion = 14.2;
					};
				};
			};
			buildConfigurationList = 1FD857432A18A5880081FCEF /* Build configuration list for PBXProject "FetchContact" */;
			compatibilityVersion = "Xcode 14.0";
			developmentRegion = en;
			hasScannedForEncodings = 0;
			knownRegions = (
				en,
				Base,
			);
			mainGroup = 1FD8573F2A18A5880081FCEF;
			productRefGroup = 1FD857492A18A5880081FCEF /* Products */;
			projectDirPath = "";
			projectRoot = "";
			targets = (
				1FD857472A18A5880081FCEF /* FetchContact */,
			);
		};
/* End PBXProject section */

/* Begin PBXResourcesBuildPhase section */
		1FD857462A18A5880081FCEF /* Resources */ = {
			isa = PBXResourcesBuildPhase;
			buildActionMask = 2147483647;
			files = (
				1FD857532A18A5890081FCEF /* Preview Assets.xcassets in Resources */,
				1FD857502A18A5890081FCEF /* Assets.xcassets in Resources */,
			);
			runOnlyForDeploymentPostprocessing = 0;
		};
/* End PBXResourcesBuildPhase section */

/* Begin PBXSourcesBuildPhase section */
		1FD857442A18A5880081FCEF /* Sources */ = {
			isa = PBXSourcesBuildPhase;
			buildActionMask = 2147483647;
			files = (
				1FD8575F2A18A5AC0081FCEF /* CoreDataStack.swift in Sources */,
				1FD857552A18A5890081FCEF /* Persistence.swift in Sources */,
				1FD8574E2A18A5880081FCEF /* ContentView.swift in Sources */,
				1FD8574C2A18A5880081FCEF /* FetchContactApp.swift in Sources */,
				1FD857672A1901AA0081FCEF /* ContactView.swift in Sources */,
				1FD857622A18A6990081FCEF /* ContactsModel.xcdatamodeld in Sources */,
				1FD857582A18A5890081FCEF /* FetchContact.xcdatamodeld in Sources */,
			);
			runOnlyForDeploymentPostprocessing = 0;
		};
/* End PBXSourcesBuildPhase section */

/* Begin XCBuildConfiguration section */
		1FD857592A18A5890081FCEF /* Debug */ = {
			isa = XCBuildConfiguration;
			buildSettings = {
				ALWAYS_SEARCH_USER_PATHS = NO;
				CLANG_ANALYZER_NONNULL = YES;
				CLANG_ANALYZER_NUMBER_OBJECT_CONVERSION = YES_AGGRESSIVE;
				CLANG_CXX_LANGUAGE_STANDARD = "gnu++20";
				CLANG_ENABLE_MODULES = YES;
				CLANG_ENABLE_OBJC_ARC = YES;
				CLANG_ENABLE_OBJC_WEAK = YES;
				CLANG_WARN_BLOCK_CAPTURE_AUTORELEASING = YES;
				CLANG_WARN_BOOL_CONVERSION = YES;
				CLANG_WARN_COMMA = YES;
				CLANG_WARN_CONSTANT_CONVERSION = YES;
				CLANG_WARN_DEPRECATED_OBJC_IMPLEMENTATIONS = YES;
				CLANG_WARN_DIRECT_OBJC_ISA_USAGE = YES_ERROR;
				CLANG_WARN_DOCUMENTATION_COMMENTS = YES;
				CLANG_WARN_EMPTY_BODY = YES;
				CLANG_WARN_ENUM_CONVERSION = YES;
				CLANG_WARN_INFINITE_RECURSION = YES;
				CLANG_WARN_INT_CONVERSION = YES;
				CLANG_WARN_NON_LITERAL_NULL_CONVERSION = YES;
				CLANG_WARN_OBJC_IMPLICIT_RETAIN_SELF = YES;
				CLANG_WARN_OBJC_LITERAL_CONVERSION = YES;
				CLANG_WARN_OBJC_ROOT_CLASS = YES_ERROR;
				CLANG_WARN_QUOTED_INCLUDE_IN_FRAMEWORK_HEADER = YES;
				CLANG_WARN_RANGE_LOOP_ANALYSIS = YES;
				CLANG_WARN_STRICT_PROTOTYPES = YES;
				CLANG_WARN_SUSPICIOUS_MOVE = YES;
				CLANG_WARN_UNGUARDED_AVAILABILITY = YES_AGGRESSIVE;
				CLANG_WARN_UNREACHABLE_CODE = YES;
				CLANG_WARN__DUPLICATE_METHOD_MATCH = YES;
				COPY_PHASE_STRIP = NO;
				DEBUG_INFORMATION_FORMAT = dwarf;
				ENABLE_STRICT_OBJC_MSGSEND = YES;
				ENABLE_TESTABILITY = YES;
				GCC_C_LANGUAGE_STANDARD = gnu11;
				GCC_DYNAMIC_NO_PIC = NO;
				GCC_NO_COMMON_BLOCKS = YES;
				GCC_OPTIMIZATION_LEVEL = 0;
				GCC_PREPROCESSOR_DEFINITIONS = (
					"DEBUG=1",
					"$(inherited)",
				);
				GCC_WARN_64_TO_32_BIT_CONVERSION = YES;
				GCC_WARN_ABOUT_RETURN_TYPE = YES_ERROR;
				GCC_WARN_UNDECLARED_SELECTOR = YES;
				GCC_WARN_UNINITIALIZED_AUTOS = YES_AGGRESSIVE;
				GCC_WARN_UNUSED_FUNCTION = YES;
				GCC_WARN_UNUSED_VARIABLE = YES;
				IPHONEOS_DEPLOYMENT_TARGET = 16.2;
				MTL_ENABLE_DEBUG_INFO = INCLUDE_SOURCE;
				MTL_FAST_MATH = YES;
				ONLY_ACTIVE_ARCH = YES;
				SDKROOT = iphoneos;
				SWIFT_ACTIVE_COMPILATION_CONDITIONS = DEBUG;
				SWIFT_OPTIMIZATION_LEVEL = "-Onone";
			};
			name = Debug;
		};
		1FD8575A2A18A5890081FCEF /* Release */ = {
			isa = XCBuildConfiguration;
			buildSettings = {
				ALWAYS_SEARCH_USER_PATHS = NO;
				CLANG_ANALYZER_NONNULL = YES;
				CLANG_ANALYZER_NUMBER_OBJECT_CONVERSION = YES_AGGRESSIVE;
				CLANG_CXX_LANGUAGE_STANDARD = "gnu++20";
				CLANG_ENABLE_MODULES = YES;
				CLANG_ENABLE_OBJC_ARC = YES;
				CLANG_ENABLE_OBJC_WEAK = YES;
				CLANG_WARN_BLOCK_CAPTURE_AUTORELEASING = YES;
				CLANG_WARN_BOOL_CONVERSION = YES;
				CLANG_WARN_COMMA = YES;
				CLANG_WARN_CONSTANT_CONVERSION = YES;
				CLANG_WARN_DEPRECATED_OBJC_IMPLEMENTATIONS = YES;
				CLANG_WARN_DIRECT_OBJC_ISA_USAGE = YES_ERROR;
				CLANG_WARN_DOCUMENTATION_COMMENTS = YES;
				CLANG_WARN_EMPTY_BODY = YES;
				CLANG_WARN_ENUM_CONVERSION = YES;
				CLANG_WARN_INFINITE_RECURSION = YES;
				CLANG_WARN_INT_CONVERSION = YES;
				CLANG_WARN_NON_LITERAL_NULL_CONVERSION = YES;
				CLANG_WARN_OBJC_IMPLICIT_RETAIN_SELF = YES;
				CLANG_WARN_OBJC_LITERAL_CONVERSION = YES;
				CLANG_WARN_OBJC_ROOT_CLASS = YES_ERROR;
				CLANG_WARN_QUOTED_INCLUDE_IN_FRAMEWORK_HEADER = YES;
				CLANG_WARN_RANGE_LOOP_ANALYSIS = YES;
				CLANG_WARN_STRICT_PROTOTYPES = YES;
				CLANG_WARN_SUSPICIOUS_MOVE = YES;
				CLANG_WARN_UNGUARDED_AVAILABILITY = YES_AGGRESSIVE;
				CLANG_WARN_UNREACHABLE_CODE = YES;
				CLANG_WARN__DUPLICATE_METHOD_MATCH = YES;
				COPY_PHASE_STRIP = NO;
				DEBUG_INFORMATION_FORMAT = "dwarf-with-dsym";
				ENABLE_NS_ASSERTIONS = NO;
				ENABLE_STRICT_OBJC_MSGSEND = YES;
				GCC_C_LANGUAGE_STANDARD = gnu11;
				GCC_NO_COMMON_BLOCKS = YES;
				GCC_WARN_64_TO_32_BIT_CONVERSION = YES;
				GCC_WARN_ABOUT_RETURN_TYPE = YES_ERROR;
				GCC_WARN_UNDECLARED_SELECTOR = YES;
				GCC_WARN_UNINITIALIZED_AUTOS = YES_AGGRESSIVE;
				GCC_WARN_UNUSED_FUNCTION = YES;
				GCC_WARN_UNUSED_VARIABLE = YES;
				IPHONEOS_DEPLOYMENT_TARGET = 16.2;
				MTL_ENABLE_DEBUG_INFO = NO;
				MTL_FAST_MATH = YES;
				SDKROOT = iphoneos;
				SWIFT_COMPILATION_MODE = wholemodule;
				SWIFT_OPTIMIZATION_LEVEL = "-O";
				VALIDATE_PRODUCT = YES;
			};
			name = Release;
		};
		1FD8575C2A18A5890081FCEF /* Debug */ = {
			isa = XCBuildConfiguration;
			buildSettings = {
				ASSETCATALOG_COMPILER_APPICON_NAME = AppIcon;
				ASSETCATALOG_COMPILER_GLOBAL_ACCENT_COLOR_NAME = AccentColor;
				CODE_SIGN_STYLE = Automatic;
				CURRENT_PROJECT_VERSION = 1;
				DEVELOPMENT_ASSET_PATHS = "\"FetchContact/Preview Content\"";
				ENABLE_PREVIEWS = YES;
				GENERATE_INFOPLIST_FILE = YES;
				INFOPLIST_KEY_UIApplicationSceneManifest_Generation = YES;
				INFOPLIST_KEY_UIApplicationSupportsIndirectInputEvents = YES;
				INFOPLIST_KEY_UILaunchScreen_Generation = YES;
				INFOPLIST_KEY_UISupportedInterfaceOrientations_iPad = "UIInterfaceOrientationPortrait UIInterfaceOrientationPortraitUpsideDown UIInterfaceOrientationLandscapeLeft UIInterfaceOrientationLandscapeRight";
				INFOPLIST_KEY_UISupportedInterfaceOrientations_iPhone = "UIInterfaceOrientationPortrait UIInterfaceOrientationLandscapeLeft UIInterfaceOrientationLandscapeRight";
				LD_RUNPATH_SEARCH_PATHS = (
					"$(inherited)",
					"@executable_path/Frameworks",
				);
				MARKETING_VERSION = 1.0;
				PRODUCT_BUNDLE_IDENTIFIER = ganeshrajugalla.FetchContact;
				PRODUCT_NAME = "$(TARGET_NAME)";
				SWIFT_EMIT_LOC_STRINGS = YES;
				SWIFT_VERSION = 5.0;
				TARGETED_DEVICE_FAMILY = "1,2";
			};
			name = Debug;
		};
		1FD8575D2A18A5890081FCEF /* Release */ = {
			isa = XCBuildConfiguration;
			buildSettings = {
				ASSETCATALOG_COMPILER_APPICON_NAME = AppIcon;
				ASSETCATALOG_COMPILER_GLOBAL_ACCENT_COLOR_NAME = AccentColor;
				CODE_SIGN_STYLE = Automatic;
				CURRENT_PROJECT_VERSION = 1;
				DEVELOPMENT_ASSET_PATHS = "\"FetchContact/Preview Content\"";
				ENABLE_PREVIEWS = YES;
				GENERATE_INFOPLIST_FILE = YES;
				INFOPLIST_KEY_UIApplicationSceneManifest_Generation = YES;
				INFOPLIST_KEY_UIApplicationSupportsIndirectInputEvents = YES;
				INFOPLIST_KEY_UILaunchScreen_Generation = YES;
				INFOPLIST_KEY_UISupportedInterfaceOrientations_iPad = "UIInterfaceOrientationPortrait UIInterfaceOrientationPortraitUpsideDown UIInterfaceOrientationLandscapeLeft UIInterfaceOrientationLandscapeRight";
				INFOPLIST_KEY_UISupportedInterfaceOrientations_iPhone = "UIInterfaceOrientationPortrait UIInterfaceOrientationLandscapeLeft UIInterfaceOrientationLandscapeRight";
				LD_RUNPATH_SEARCH_PATHS = (
					"$(inherited)",
					"@executable_path/Frameworks",
				);
				MARKETING_VERSION = 1.0;
				PRODUCT_BUNDLE_IDENTIFIER = ganeshrajugalla.FetchContact;
				PRODUCT_NAME = "$(TARGET_NAME)";
				SWIFT_EMIT_LOC_STRINGS = YES;
				SWIFT_VERSION = 5.0;
				TARGETED_DEVICE_FAMILY = "1,2";
			};
			name = Release;
		};
/* End XCBuildConfiguration section */

/* Begin XCConfigurationList section */
		1FD857432A18A5880081FCEF /* Build configuration list for PBXProject "FetchContact" */ = {
			isa = XCConfigurationList;
			buildConfigurations = (
				1FD857592A18A5890081FCEF /* Debug */,
				1FD8575A2A18A5890081FCEF /* Release */,
			);
			defaultConfigurationIsVisible = 0;
			defaultConfigurationName = Release;
		};
		1FD8575B2A18A5890081FCEF /* Build configuration list for PBXNativeTarget "FetchContact" */ = {
			isa = XCConfigurationList;
			buildConfigurations = (
				1FD8575C2A18A5890081FCEF /* Debug */,
				1FD8575D2A18A5890081FCEF /* Release */,
			);
			defaultConfigurationIsVisible = 0;
			defaultConfigurationName = Release;
		};
/* End XCConfigurationList section */

/* Begin XCVersionGroup section */
		1FD857562A18A5890081FCEF /* FetchContact.xcdatamodeld */ = {
			isa = XCVersionGroup;
			children = (
				1FD857572A18A5890081FCEF /* FetchContact.xcdatamodel */,
			);
			currentVersion = 1FD857572A18A5890081FCEF /* FetchContact.xcdatamodel */;
			path = FetchContact.xcdatamodeld;
			sourceTree = "<group>";
			versionGroupType = wrapper.xcdatamodel;
		};
		1FD857602A18A6990081FCEF /* ContactsModel.xcdatamodeld */ = {
			isa = XCVersionGroup;
			children = (
				1FD857612A18A6990081FCEF /* ContactsModel.xcdatamodel */,
			);
			currentVersion = 1FD857612A18A6990081FCEF /* ContactsModel.xcdatamodel */;
			path = ContactsModel.xcdatamodeld;
			sourceTree = "<group>";
			versionGroupType = wrapper.xcdatamodel;
		};
/* End XCVersionGroup section */
	};
	rootObject = 1FD857402A18A5880081FCEF /* Project object */;
}
